
Microsoft Visual Studio Solution File, Format Version 12.00
# Visual Studio Version 16
VisualStudioVersion = 16.0.32228.343
MinimumVisualStudioVersion = 10.0.40219.1
Project("{FAE04EC0-301F-11D3-BF4B-00C04F79EFBC}") = "SIMS", "SIMS\SIMS.csproj", "{3FF800F3-0DFA-451F-91A5-087B54CD8390}"
EndProject
Global
	GlobalSection(SolutionConfigurationPlatforms) = preSolution
		Debug|Any CPU = Debug|Any CPU
		Release|Any CPU = Release|Any CPU
	EndGlobalSection
	GlobalSection(ProjectConfigurationPlatforms) = postSolution
		{3FF800F3-0DFA-451F-91A5-087B54CD8390}.Debug|Any CPU.ActiveCfg = Debug|Any CPU
		{3FF800F3-0DFA-451F-91A5-087B54CD8390}.Debug|Any CPU.Build.0 = Debug|Any CPU
		{3FF800F3-0DFA-451F-91A5-087B54CD8390}.Release|Any CPU.ActiveCfg = Release|Any CPU
		{3FF800F3-0DFA-451F-91A5-087B54CD8390}.Release|Any CPU.Build.0 = Release|Any CPU
	EndGlobalSection
	GlobalSection(SolutionProperties) = preSolution
		HideSolutionNode = FALSE
	EndGlobalSection
	GlobalSection(ExtensibilityGlobals) = postSolution
		SolutionGuid = {D3ED18A6-4AF2-4EE5-8A72-FB5FDD7447E9}
	EndGlobalSection
EndGlobal
